// !$*UTF8*$!
{
	archiveVersion = 1;
	classes = {
	};
	objectVersion = 46;
	objects = {

/* Begin PBXBuildFile section */
		10321C6F1C630EAF000ABEA4 /* AppDelegate.swift in Sources */ = {isa = PBXBuildFile; fileRef = 10321C6E1C630EAF000ABEA4 /* AppDelegate.swift */; };
		10321C711C630EAF000ABEA4 /* ViewController.swift in Sources */ = {isa = PBXBuildFile; fileRef = 10321C701C630EAF000ABEA4 /* ViewController.swift */; };
		10321C741C630EAF000ABEA4 /* Main.storyboard in Resources */ = {isa = PBXBuildFile; fileRef = 10321C721C630EAF000ABEA4 /* Main.storyboard */; };
		10321C761C630EAF000ABEA4 /* Assets.xcassets in Resources */ = {isa = PBXBuildFile; fileRef = 10321C751C630EAF000ABEA4 /* Assets.xcassets */; };
		10321C791C630EAF000ABEA4 /* LaunchScreen.storyboard in Resources */ = {isa = PBXBuildFile; fileRef = 10321C771C630EAF000ABEA4 /* LaunchScreen.storyboard */; };
		10321C821C631119000ABEA4 /* AutoCompleteTableView.swift in Sources */ = {isa = PBXBuildFile; fileRef = 10321C811C631119000ABEA4 /* AutoCompleteTableView.swift */; settings = {ASSET_TAGS = (); }; };
/* End PBXBuildFile section */

/* Begin PBXFileReference section */
		10321C6B1C630EAF000ABEA4 /* AutoCompleteTableViewDemo.app */ = {isa = PBXFileReference; explicitFileType = wrapper.application; includeInIndex = 0; path = AutoCompleteTableViewDemo.app; sourceTree = BUILT_PRODUCTS_DIR; };
		10321C6E1C630EAF000ABEA4 /* AppDelegate.swift */ = {isa = PBXFileReference; lastKnownFileType = sourcecode.swift; path = AppDelegate.swift; sourceTree = "<group>"; };
		10321C701C630EAF000ABEA4 /* ViewController.swift */ = {isa = PBXFileReference; lastKnownFileType = sourcecode.swift; path = ViewController.swift; sourceTree = "<group>"; };
		10321C731C630EAF000ABEA4 /* Base */ = {isa = PBXFileReference; lastKnownFileType = file.storyboard; name = Base; path = Base.lproj/Main.storyboard; sourceTree = "<group>"; };
		10321C751C630EAF000ABEA4 /* Assets.xcassets */ = {isa = PBXFileReference; lastKnownFileType = folder.assetcatalog; path = Assets.xcassets; sourceTree = "<group>"; };
		10321C781C630EAF000ABEA4 /* Base */ = {isa = PBXFileReference; lastKnownFileType = file.storyboard; name = Base; path = Base.lproj/LaunchScreen.storyboard; sourceTree = "<group>"; };
		10321C7A1C630EAF000ABEA4 /* Info.plist */ = {isa = PBXFileReference; lastKnownFileType = text.plist.xml; path = Info.plist; sourceTree = "<group>"; };
		10321C811C631119000ABEA4 /* AutoCompleteTableView.swift */ = {isa = PBXFileReference; fileEncoding = 4; lastKnownFileType = sourcecode.swift; path = AutoCompleteTableView.swift; sourceTree = "<group>"; };
/* End PBXFileReference section */

/* Begin PBXFrameworksBuildPhase section */
		10321C681C630EAF000ABEA4 /* Frameworks */ = {
			isa = PBXFrameworksBuildPhase;
			buildActionMask = 2147483647;
			files = (
			);
			runOnlyForDeploymentPostprocessing = 0;
		};
/* End PBXFrameworksBuildPhase section */

/* Begin PBXGroup section */
		10321C621C630EAF000ABEA4 = {
			isa = PBXGroup;
			children = (
				10321C6D1C630EAF000ABEA4 /* AutoCompleteTableViewDemo */,
				10321C6C1C630EAF000ABEA4 /* Products */,
			);
			sourceTree = "<group>";
		};
		10321C6C1C630EAF000ABEA4 /* Products */ = {
			isa = PBXGroup;
			children = (
				10321C6B1C630EAF000ABEA4 /* AutoCompleteTableViewDemo.app */,
			);
			name = Products;
			sourceTree = "<group>";
		};
		10321C6D1C630EAF000ABEA4 /* AutoCompleteTableViewDemo */ = {
			isa = PBXGroup;
			children = (
				10321C6E1C630EAF000ABEA4 /* AppDelegate.swift */,
				10321C701C630EAF000ABEA4 /* ViewController.swift */,
				10321C801C6310EF000ABEA4 /* Support */,
				10321C721C630EAF000ABEA4 /* Main.storyboard */,
				10321C751C630EAF000ABEA4 /* Assets.xcassets */,
				10321C771C630EAF000ABEA4 /* LaunchScreen.storyboard */,
				10321C7A1C630EAF000ABEA4 /* Info.plist */,
			);
			path = AutoCompleteTableViewDemo;
			sourceTree = "<group>";
		};
		10321C801C6310EF000ABEA4 /* Support */ = {
			isa = PBXGroup;
			children = (
				10321C811C631119000ABEA4 /* AutoCompleteTableView.swift */,
			);
			name = Support;
			sourceTree = "<group>";
		};
/* End PBXGroup section */

/* Begin PBXNativeTarget section */
		10321C6A1C630EAF000ABEA4 /* AutoCompleteTableViewDemo */ = {
			isa = PBXNativeTarget;
			buildConfigurationList = 10321C7D1C630EAF000ABEA4 /* Build configuration list for PBXNativeTarget "AutoCompleteTableViewDemo" */;
			buildPhases = (
				10321C671C630EAF000ABEA4 /* Sources */,
				10321C681C630EAF000ABEA4 /* Frameworks */,
				10321C691C630EAF000ABEA4 /* Resources */,
			);
			buildRules = (
			);
			dependencies = (
			);
			name = AutoCompleteTableViewDemo;
			productName = AutoCompleteTableViewDemo;
			productReference = 10321C6B1C630EAF000ABEA4 /* AutoCompleteTableViewDemo.app */;
			productType = "com.apple.product-type.application";
		};
/* End PBXNativeTarget section */

/* Begin PBXProject section */
		10321C631C630EAF000ABEA4 /* Project object */ = {
			isa = PBXProject;
			attributes = {
				LastUpgradeCheck = 0700;
				ORGANIZATIONNAME = Vijayvir;
				TargetAttributes = {
					10321C6A1C630EAF000ABEA4 = {
						CreatedOnToolsVersion = 7.0.1;
					};
				};
			};
			buildConfigurationList = 10321C661C630EAF000ABEA4 /* Build configuration list for PBXProject "AutoCompleteTableViewDemo" */;
			compatibilityVersion = "Xcode 3.2";
			developmentRegion = English;
			hasScannedForEncodings = 0;
			knownRegions = (
				en,
				Base,
			);
			mainGroup = 10321C621C630EAF000ABEA4;
			productRefGroup = 10321C6C1C630EAF000ABEA4 /* Products */;
			projectDirPath = "";
			projectRoot = "";
			targets = (
				10321C6A1C630EAF000ABEA4 /* AutoCompleteTableViewDemo */,
			);
		};
/* End PBXProject section */

/* Begin PBXResourcesBuildPhase section */
		10321C691C630EAF000ABEA4 /* Resources */ = {
			isa = PBXResourcesBuildPhase;
			buildActionMask = 2147483647;
			files = (
				10321C791C630EAF000ABEA4 /* LaunchScreen.storyboard in Resources */,
				10321C761C630EAF000ABEA4 /* Assets.xcassets in Resources */,
				10321C741C630EAF000ABEA4 /* Main.storyboard in Resources */,
			);
			runOnlyForDeploymentPostprocessing = 0;
		};
/* End PBXResourcesBuildPhase section */

/* Begin PBXSourcesBuildPhase section */
		10321C671C630EAF000ABEA4 /* Sources */ = {
			isa = PBXSourcesBuildPhase;
			buildActionMask = 2147483647;
			files = (
				10321C711C630EAF000ABEA4 /* ViewController.swift in Sources */,
				10321C821C631119000ABEA4 /* AutoCompleteTableView.swift in Sources */,
				10321C6F1C630EAF000ABEA4 /* AppDelegate.swift in Sources */,
			);
			runOnlyForDeploymentPostprocessing = 0;
		};
/* End PBXSourcesBuildPhase section */

/* Begin PBXVariantGroup section */
		10321C721C630EAF000ABEA4 /* Main.storyboard */ = {
			isa = PBXVariantGroup;
			children = (
				10321C731C630EAF000ABEA4 /* Base */,
			);
			name = Main.storyboard;
			sourceTree = "<group>";
		};
		10321C771C630EAF000ABEA4 /* LaunchScreen.storyboard */ = {
			isa = PBXVariantGroup;
			children = (
				10321C781C630EAF000ABEA4 /* Base */,
			);
			name = LaunchScreen.storyboard;
			sourceTree = "<group>";
		};
/* End PBXVariantGroup section */

/* Begin XCBuildConfiguration section */
		10321C7B1C630EAF000ABEA4 /* Debug */ = {
			isa = XCBuildConfiguration;
			buildSettings = {
				ALWAYS_SEARCH_USER_PATHS = NO;
				CLANG_CXX_LANGUAGE_STANDARD = "gnu++0x";
				CLANG_CXX_LIBRARY = "libc++";
				CLANG_ENABLE_MODULES = YES;
				CLANG_ENABLE_OBJC_ARC = YES;
				CLANG_WARN_BOOL_CONVERSION = YES;
				CLANG_WARN_CONSTANT_CONVERSION = YES;
				CLANG_WARN_DIRECT_OBJC_ISA_USAGE = YES_ERROR;
				CLANG_WARN_EMPTY_BODY = YES;
				CLANG_WARN_ENUM_CONVERSION = YES;
				CLANG_WARN_INT_CONVERSION = YES;
				CLANG_WARN_OBJC_ROOT_CLASS = YES_ERROR;
				CLANG_WARN_UNREACHABLE_CODE = YES;
				CLANG_WARN__DUPLICATE_METHOD_MATCH = YES;
				"CODE_SIGN_IDENTITY[sdk=iphoneos*]" = "iPhone Developer";
				COPY_PHASE_STRIP = NO;
				DEBUG_INFORMATION_FORMAT = dwarf;
				ENABLE_STRICT_OBJC_MSGSEND = YES;
				ENABLE_TESTABILITY = YES;
				GCC_C_LANGUAGE_STANDARD = gnu99;
				GCC_DYNAMIC_NO_PIC = NO;
				GCC_NO_COMMON_BLOCKS = YES;
				GCC_OPTIMIZATION_LEVEL = 0;
				GCC_PREPROCESSOR_DEFINITIONS = (
					"DEBUG=1",
					"$(inherited)",
				);
				GCC_WARN_64_TO_32_BIT_CONVERSION = YES;
				GCC_WARN_ABOUT_RETURN_TYPE = YES_ERROR;
				GCC_WARN_UNDECLARED_SELECTOR = YES;
				GCC_WARN_UNINITIALIZED_AUTOS = YES_AGGRESSIVE;
				GCC_WARN_UNUSED_FUNCTION = YES;
				GCC_WARN_UNUSED_VARIABLE = YES;
				IPHONEOS_DEPLOYMENT_TARGET = 7.1;
				MTL_ENABLE_DEBUG_INFO = YES;
				ONLY_ACTIVE_ARCH = YES;
				SDKROOT = iphoneos;
				SWIFT_OPTIMIZATION_LEVEL = "-Onone";
			};
			name = Debug;
		};
		10321C7C1C630EAF000ABEA4 /* Release */ = {
			isa = XCBuildConfiguration;
			buildSettings = {
				ALWAYS_SEARCH_USER_PATHS = NO;
				CLANG_CXX_LANGUAGE_STANDARD = "gnu++0x";
				CLANG_CXX_LIBRARY = "libc++";
				CLANG_ENABLE_MODULES = YES;
				CLANG_ENABLE_OBJC_ARC = YES;
				CLANG_WARN_BOOL_CONVERSION = YES;
				CLANG_WARN_CONSTANT_CONVERSION = YES;
				CLANG_WARN_DIRECT_OBJC_ISA_USAGE = YES_ERROR;
				CLANG_WARN_EMPTY_BODY = YES;
				CLANG_WARN_ENUM_CONVERSION = YES;
				CLANG_WARN_INT_CONVERSION = YES;
				CLANG_WARN_OBJC_ROOT_CLASS = YES_ERROR;
				CLANG_WARN_UNREACHABLE_CODE = YES;
				CLANG_WARN__DUPLICATE_METHOD_MATCH = YES;
				"CODE_SIGN_IDENTITY[sdk=iphoneos*]" = "iPhone Developer";
				COPY_PHASE_STRIP = NO;
				DEBUG_INFORMATION_FORMAT = "dwarf-with-dsym";
				ENABLE_NS_ASSERTIONS = NO;
				ENABLE_STRICT_OBJC_MSGSEND = YES;
				GCC_C_LANGUAGE_STANDARD = gnu99;
				GCC_NO_COMMON_BLOCKS = YES;
				GCC_WARN_64_TO_32_BIT_CONVERSION = YES;
				GCC_WARN_ABOUT_RETURN_TYPE = YES_ERROR;
				GCC_WARN_UNDECLARED_SELECTOR = YES;
				GCC_WARN_UNINITIALIZED_AUTOS = YES_AGGRESSIVE;
				GCC_WARN_UNUSED_FUNCTION = YES;
				GCC_WARN_UNUSED_VARIABLE = YES;
				IPHONEOS_DEPLOYMENT_TARGET = 7.1;
				MTL_ENABLE_DEBUG_INFO = NO;
				SDKROOT = iphoneos;
				VALIDATE_PRODUCT = NO;
			};
			name = Release;
		};
		10321C7E1C630EAF000ABEA4 /* Debug */ = {
			isa = XCBuildConfiguration;
			buildSettings = {
				ASSETCATALOG_COMPILER_APPICON_NAME = AppIcon;
				INFOPLIST_FILE = AutoCompleteTableViewDemo/Info.plist;
				IPHONEOS_DEPLOYMENT_TARGET = 7.1;
				LD_RUNPATH_SEARCH_PATHS = "$(inherited) @executable_path/Frameworks";
				PRODUCT_BUNDLE_IDENTIFIER = Vijayvir.AutoCompleteTableViewDemo;
				PRODUCT_NAME = "$(TARGET_NAME)";
				TARGETED_DEVICE_FAMILY = 1;
			};
			name = Debug;
		};
		10321C7F1C630EAF000ABEA4 /* Release */ = {
			isa = XCBuildConfiguration;
			buildSettings = {
				ASSETCATALOG_COMPILER_APPICON_NAME = AppIcon;
				INFOPLIST_FILE = AutoCompleteTableViewDemo/Info.plist;
				IPHONEOS_DEPLOYMENT_TARGET = 7.1;
				LD_RUNPATH_SEARCH_PATHS = "$(inherited) @executable_path/Frameworks";
				PRODUCT_BUNDLE_IDENTIFIER = Vijayvir.AutoCompleteTableViewDemo;
				PRODUCT_NAME = "$(TARGET_NAME)";
				TARGETED_DEVICE_FAMILY = 1;
			};
			name = Release;
		};
/* End XCBuildConfiguration section */

/* Begin XCConfigurationList section */
		10321C661C630EAF000ABEA4 /* Build configuration list for PBXProject "AutoCompleteTableViewDemo" */ = {
			isa = XCConfigurationList;
			buildConfigurations = (
				10321C7B1C630EAF000ABEA4 /* Debug */,
				10321C7C1C630EAF000ABEA4 /* Release */,
			);
			defaultConfigurationIsVisible = 0;
			defaultConfigurationName = Debug;
		};
		10321C7D1C630EAF000ABEA4 /* Build configuration list for PBXNativeTarget "AutoCompleteTableViewDemo" */ = {
			isa = XCConfigurationList;
			buildConfigurations = (
				10321C7E1C630EAF000ABEA4 /* Debug */,
				10321C7F1C630EAF000ABEA4 /* Release */,
			);
			defaultConfigurationIsVisible = 0;
			defaultConfigurationName = Debug;
		};
/* End XCConfigurationList section */
	};
	rootObject = 10321C631C630EAF000ABEA4 /* Project object */;
}
